Microsoft Visual Studio Solution File, Format Version 10.00
# Visual Studio 2008
Project("{FAE04EC0-301F-11D3-BF4B-00C04F79EFBC}") = "FileMerger", "FileMerger.csproj", "{620F0B74-05E0-491F-A958-ADBED89336A0}"
EndProject
Global
	GlobalSection(SolutionConfigurationPlatforms) = preSolution
		Debug|Any CPU = Debug|Any CPU
		Release|Any CPU = Release|Any CPU
	EndGlobalSection
	GlobalSection(ProjectConfigurationPlatforms) = postSolution
		{620F0B74-05E0-491F-A958-ADBED89336A0}.Debug|Any CPU.ActiveCfg = Debug|Any CPU
		{620F0B74-05E0-491F-A958-ADBED89336A0}.Debug|Any CPU.Build.0 = Debug|Any CPU
		{620F0B74-05E0-491F-A958-ADBED89336A0}.Release|Any CPU.ActiveCfg = Release|Any CPU
		{620F0B74-05E0-491F-A958-ADBED89336A0}.Release|Any CPU.Build.0 = Release|Any CPU
	EndGlobalSection
	GlobalSection(SolutionProperties) = preSolution
		HideSolutionNode = FALSE
	EndGlobalSection
	GlobalSection(DPCodeReviewSolutionGUID) = preSolution
		DPCodeReviewSolutionGUID = {00000000-0000-0000-0000-000000000000}
	EndGlobalSection
EndGlobal
