
Microsoft Visual Studio Solution File, Format Version 12.00
# Visual Studio 15
VisualStudioVersion = 15.0.27130.2036
MinimumVisualStudioVersion = 10.0.40219.1
Project("{FAE04EC0-301F-11D3-BF4B-00C04F79EFBC}") = "FileHelpers.NetStandard", "FileHelpers.NetStandard\FileHelpers.NetStandard.csproj", "{CCAF838A-BB36-46C6-AE2A-05DCE6D93994}"
EndProject
Global
	GlobalSection(SolutionConfigurationPlatforms) = preSolution
		Debug|Any CPU = Debug|Any CPU
		Release|Any CPU = Release|Any CPU
	EndGlobalSection
	GlobalSection(ProjectConfigurationPlatforms) = postSolution
		{CCAF838A-BB36-46C6-AE2A-05DCE6D93994}.Debug|Any CPU.ActiveCfg = Debug|Any CPU
		{CCAF838A-BB36-46C6-AE2A-05DCE6D93994}.Debug|Any CPU.Build.0 = Debug|Any CPU
		{CCAF838A-BB36-46C6-AE2A-05DCE6D93994}.Release|Any CPU.ActiveCfg = Release|Any CPU
		{CCAF838A-BB36-46C6-AE2A-05DCE6D93994}.Release|Any CPU.Build.0 = Release|Any CPU
	EndGlobalSection
	GlobalSection(SolutionProperties) = preSolution
		HideSolutionNode = FALSE
	EndGlobalSection
	GlobalSection(ExtensibilityGlobals) = postSolution
		SolutionGuid = {FFE85B27-89CE-4C02-BFE7-AC66AEE17E84}
	EndGlobalSection
	GlobalSection(DPCodeReviewSolutionGUID) = preSolution
		DPCodeReviewSolutionGUID = {7ED1BD6E-F965-49DE-AC44-0FC8F9EA1E54}
	EndGlobalSection
	GlobalSection(NDepend) = preSolution
		Project = ".\FileHelpers.ndproj"
	EndGlobalSection
EndGlobal
