Microsoft Visual Studio Solution File, Format Version 8.00
Project("{FAE04EC0-301F-11D3-BF4B-00C04F79EFBC}") = "FileHelpers", "FileHelpers\FileHelpers.csproj", "{EB8633FF-CEED-40EE-8D1A-CA1BF5678C42}"
	ProjectSection(ProjectDependencies) = postProject
	EndProjectSection
EndProject
Project("{FAE04EC0-301F-11D3-BF4B-00C04F79EFBC}") = "FileHelpers.Tests", "FileHelpersTests\FileHelpers.Tests.csproj", "{3731CD63-3236-47FB-A27C-146D37DE88AC}"
	ProjectSection(ProjectDependencies) = postProject
	EndProjectSection
EndProject
Project("{FAE04EC0-301F-11D3-BF4B-00C04F79EFBC}") = "FileHelpers.Samples", "FileHelpersSamples\FileHelpers.Samples.csproj", "{944A90EE-3AF2-476D-8C3D-ECE453ECF4AA}"
	ProjectSection(ProjectDependencies) = postProject
	EndProjectSection
EndProject
Project("{20D4826A-C6FA-45DB-90F4-C717570B9F32}") = "FileHelpersCompact", "FileHelpers\FileHelpersCompact.csdproj", "{ECE16BAD-F7BF-4556-B817-F27C9352BED9}"
	ProjectSection(ProjectDependencies) = postProject
	EndProjectSection
EndProject
Project("{FAE04EC0-301F-11D3-BF4B-00C04F79EFBC}") = "FileHelpers.ExcelStorage", "FileHelpers.ExcelStorage\FileHelpers.ExcelStorage.csproj", "{B3F2B976-73D5-49C7-BEAA-BF62E233132A}"
	ProjectSection(ProjectDependencies) = postProject
	EndProjectSection
EndProject
Global
	GlobalSection(SolutionConfiguration) = preSolution
		Debug = Debug
		Release = Release
	EndGlobalSection
	GlobalSection(ProjectConfiguration) = postSolution
		{EB8633FF-CEED-40EE-8D1A-CA1BF5678C42}.Debug.ActiveCfg = Debug|.NET
		{EB8633FF-CEED-40EE-8D1A-CA1BF5678C42}.Debug.Build.0 = Debug|.NET
		{EB8633FF-CEED-40EE-8D1A-CA1BF5678C42}.Release.ActiveCfg = Release|.NET
		{EB8633FF-CEED-40EE-8D1A-CA1BF5678C42}.Release.Build.0 = Release|.NET
		{3731CD63-3236-47FB-A27C-146D37DE88AC}.Debug.ActiveCfg = Debug|.NET
		{3731CD63-3236-47FB-A27C-146D37DE88AC}.Debug.Build.0 = Debug|.NET
		{3731CD63-3236-47FB-A27C-146D37DE88AC}.Release.ActiveCfg = Release|.NET
		{3731CD63-3236-47FB-A27C-146D37DE88AC}.Release.Build.0 = Release|.NET
		{944A90EE-3AF2-476D-8C3D-ECE453ECF4AA}.Debug.ActiveCfg = Debug|.NET
		{944A90EE-3AF2-476D-8C3D-ECE453ECF4AA}.Debug.Build.0 = Debug|.NET
		{944A90EE-3AF2-476D-8C3D-ECE453ECF4AA}.Release.ActiveCfg = Release|.NET
		{944A90EE-3AF2-476D-8C3D-ECE453ECF4AA}.Release.Build.0 = Release|.NET
		{ECE16BAD-F7BF-4556-B817-F27C9352BED9}.Debug.ActiveCfg = Debug|Windows CE
		{ECE16BAD-F7BF-4556-B817-F27C9352BED9}.Debug.Build.0 = Debug|Windows CE
		{ECE16BAD-F7BF-4556-B817-F27C9352BED9}.Release.ActiveCfg = Release|Windows CE
		{ECE16BAD-F7BF-4556-B817-F27C9352BED9}.Release.Build.0 = Release|Windows CE
		{B3F2B976-73D5-49C7-BEAA-BF62E233132A}.Debug.ActiveCfg = Debug|.NET
		{B3F2B976-73D5-49C7-BEAA-BF62E233132A}.Debug.Build.0 = Debug|.NET
		{B3F2B976-73D5-49C7-BEAA-BF62E233132A}.Release.ActiveCfg = Release|.NET
		{B3F2B976-73D5-49C7-BEAA-BF62E233132A}.Release.Build.0 = Release|.NET
	EndGlobalSection
	GlobalSection(SolutionItems) = postSolution
		DeveloperStuff\Readme for Developers.txt = DeveloperStuff\Readme for Developers.txt
	EndGlobalSection
	GlobalSection(ExtensibilityGlobals) = postSolution
	EndGlobalSection
	GlobalSection(ExtensibilityAddIns) = postSolution
	EndGlobalSection
	GlobalSection(DPCodeReviewSolutionGUID) = preSolution
		DPCodeReviewSolutionGUID = {7ED1BD6E-F965-49DE-AC44-0FC8F9EA1E54}
	EndGlobalSection
EndGlobal
