Microsoft Visual Studio Solution File, Format Version 8.00
Project("{F184B08F-C81C-45F6-A57F-5ABD9991F28F}") = "Example VbNet", "Example VbNet - VS 2005\Example VbNet.vbproj", "{3F6E65FE-9578-487B-BE30-7C60251F51D5}"
	ProjectSection(ProjectDependencies) = postProject
	EndProjectSection
EndProject
Global
	GlobalSection(SolutionConfiguration) = preSolution
		Debug = Debug
		Release = Release
	EndGlobalSection
	GlobalSection(ProjectConfiguration) = postSolution
		{3F6E65FE-9578-487B-BE30-7C60251F51D5}.Debug.ActiveCfg = Debug|.NET
		{3F6E65FE-9578-487B-BE30-7C60251F51D5}.Debug.Build.0 = Debug|.NET
		{3F6E65FE-9578-487B-BE30-7C60251F51D5}.Release.ActiveCfg = Release|.NET
		{3F6E65FE-9578-487B-BE30-7C60251F51D5}.Release.Build.0 = Release|.NET
	EndGlobalSection
	GlobalSection(ExtensibilityGlobals) = postSolution
	EndGlobalSection
	GlobalSection(ExtensibilityAddIns) = postSolution
	EndGlobalSection
EndGlobal
